
Microsoft Visual Studio Solution File, Format Version 12.00
# Visual Studio Version 16
VisualStudioVersion = 16.0.30709.132
MinimumVisualStudioVersion = 10.0.40219.1
Project("{FAE04EC0-301F-11D3-BF4B-00C04F79EFBC}") = "Warhawk RTM Tool - Daniel Vaxman and Joshua McKinney", "Warhawk RTM Tool - Daniel Vaxman and Joshua McKinney\Warhawk RTM Tool - Daniel Vaxman and Joshua McKinney.csproj", "{67E8F856-67A5-43D8-A110-E40BA60737C0}"
EndProject
Global
	GlobalSection(SolutionConfigurationPlatforms) = preSolution
		Debug|Any CPU = Debug|Any CPU
		Release|Any CPU = Release|Any CPU
	EndGlobalSection
	GlobalSection(ProjectConfigurationPlatforms) = postSolution
		{67E8F856-67A5-43D8-A110-E40BA60737C0}.Debug|Any CPU.ActiveCfg = Debug|Any CPU
		{67E8F856-67A5-43D8-A110-E40BA60737C0}.Debug|Any CPU.Build.0 = Debug|Any CPU
		{67E8F856-67A5-43D8-A110-E40BA60737C0}.Release|Any CPU.ActiveCfg = Release|Any CPU
		{67E8F856-67A5-43D8-A110-E40BA60737C0}.Release|Any CPU.Build.0 = Release|Any CPU
	EndGlobalSection
	GlobalSection(SolutionProperties) = preSolution
		HideSolutionNode = FALSE
	EndGlobalSection
	GlobalSection(ExtensibilityGlobals) = postSolution
		SolutionGuid = {6F599D82-17EC-4F61-9EAB-5EFAF17AACA8}
	EndGlobalSection
EndGlobal
